
Microsoft Visual Studio Solution File, Format Version 12.00
# Visual Studio Version 17
VisualStudioVersion = 17.7.34221.43
MinimumVisualStudioVersion = 10.0.40219.1
Project("{FAE04EC0-301F-11D3-BF4B-00C04F79EFBC}") = "IndustryCommnication", "IndustryCommnication\IndustryCommnication.csproj", "{808EE8C3-9B14-4035-A659-E3B1C06020DC}"
EndProject
Global
	GlobalSection(SolutionConfigurationPlatforms) = preSolution
		Debug|Any CPU = Debug|Any CPU
		Release|Any CPU = Release|Any CPU
	EndGlobalSection
	GlobalSection(ProjectConfigurationPlatforms) = postSolution
		{808EE8C3-9B14-4035-A659-E3B1C06020DC}.Debug|Any CPU.ActiveCfg = Debug|Any CPU
		{808EE8C3-9B14-4035-A659-E3B1C06020DC}.Debug|Any CPU.Build.0 = Debug|Any CPU
		{808EE8C3-9B14-4035-A659-E3B1C06020DC}.Release|Any CPU.ActiveCfg = Release|Any CPU
		{808EE8C3-9B14-4035-A659-E3B1C06020DC}.Release|Any CPU.Build.0 = Release|Any CPU
	EndGlobalSection
	GlobalSection(SolutionProperties) = preSolution
		HideSolutionNode = FALSE
	EndGlobalSection
	GlobalSection(ExtensibilityGlobals) = postSolution
		SolutionGuid = {1E231AF6-1FE5-4148-A859-E3F52F7AFC25}
	EndGlobalSection
EndGlobal
